// !$*UTF8*$!
{
	archiveVersion = 1;
	classes = {
	};
	objectVersion = 46;
	objects = {

/* Begin PBXAggregateTarget section */
		CE5DCFA918A4CB7800DA0FDD /* Mogenerator */ = {
			isa = PBXAggregateTarget;
			buildConfigurationList = CE5DCFAC18A4CB7800DA0FDD /* Build configuration list for PBXAggregateTarget "Mogenerator" */;
			buildPhases = (
				CE5DCFB118A4CCD900DA0FDD /* ShellScript */,
			);
			dependencies = (
			);
			name = Mogenerator;
			productName = Mogenerator;
		};
		CEC5CA8F18AF41AF00AF801A /* ProjectDocumentation */ = {
			isa = PBXAggregateTarget;
			buildConfigurationList = CEC5CA9218AF41AF00AF801A /* Build configuration list for PBXAggregateTarget "ProjectDocumentation" */;
			buildPhases = (
				CEC5CA9318AF41D500AF801A /* ShellScript */,
			);
			dependencies = (
			);
			name = ProjectDocumentation;
			productName = ProjectDocumentation;
		};
/* End PBXAggregateTarget section */

/* Begin PBXBuildFile section */
		BE9FE611036542658CD4C1ED /* libPods.a in Frameworks */ = {isa = PBXBuildFile; fileRef = 5FABC99FAA5B4F6FB328A537 /* libPods.a */; };
		CE3F85A318AE07500003B4C6 /* _EntityA.m in Sources */ = {isa = PBXBuildFile; fileRef = CE3F859C18AE07500003B4C6 /* _EntityA.m */; };
		CE3F85A418AE07500003B4C6 /* _EntityB.m in Sources */ = {isa = PBXBuildFile; fileRef = CE3F859E18AE07500003B4C6 /* _EntityB.m */; };
		CE3F85A518AE07500003B4C6 /* EntityA.m in Sources */ = {isa = PBXBuildFile; fileRef = CE3F85A018AE07500003B4C6 /* EntityA.m */; };
		CE3F85A618AE07500003B4C6 /* EntityB.m in Sources */ = {isa = PBXBuildFile; fileRef = CE3F85A218AE07500003B4C6 /* EntityB.m */; };
		CE5DCFB518A4CD5200DA0FDD /* MyToyAppForCoreData.xcdatamodeld in Sources */ = {isa = PBXBuildFile; fileRef = CE5DCFB318A4CD5200DA0FDD /* MyToyAppForCoreData.xcdatamodeld */; };
		CE5DCFC818A4D22A00DA0FDD /* main.m in Sources */ = {isa = PBXBuildFile; fileRef = CEA0096618A3DFEA00FA535B /* main.m */; };
		CE5DCFCA18A4D29900DA0FDD /* EntityWithName.m in Sources */ = {isa = PBXBuildFile; fileRef = CE5DCFC618A4D0A900DA0FDD /* EntityWithName.m */; };
		CE5DCFCC18A4D29900DA0FDD /* City.m in Sources */ = {isa = PBXBuildFile; fileRef = CE5DCFB718A4D03E00DA0FDD /* City.m */; };
		CE5DCFCE18A4D29900DA0FDD /* Company.m in Sources */ = {isa = PBXBuildFile; fileRef = CE5DCFB918A4D03E00DA0FDD /* Company.m */; };
		CE5DCFD018A4D29900DA0FDD /* Family.m in Sources */ = {isa = PBXBuildFile; fileRef = CE5DCFBB18A4D03E00DA0FDD /* Family.m */; };
		CE5DCFD218A4D29900DA0FDD /* Person.m in Sources */ = {isa = PBXBuildFile; fileRef = CE5DCFBD18A4D03E00DA0FDD /* Person.m */; };
		CE5DCFD418A4D29900DA0FDD /* Pet.m in Sources */ = {isa = PBXBuildFile; fileRef = CE5DCFBF18A4D03E00DA0FDD /* Pet.m */; };
		CE5DCFE118A4D2B300DA0FDD /* _City.m in Sources */ = {isa = PBXBuildFile; fileRef = CE5DCFD618A4D2B300DA0FDD /* _City.m */; };
		CE5DCFE218A4D2B300DA0FDD /* _Company.m in Sources */ = {isa = PBXBuildFile; fileRef = CE5DCFD818A4D2B300DA0FDD /* _Company.m */; };
		CE5DCFE318A4D2B300DA0FDD /* _EntityWithName.m in Sources */ = {isa = PBXBuildFile; fileRef = CE5DCFDA18A4D2B300DA0FDD /* _EntityWithName.m */; };
		CE5DCFE418A4D2B300DA0FDD /* _Family.m in Sources */ = {isa = PBXBuildFile; fileRef = CE5DCFDC18A4D2B300DA0FDD /* _Family.m */; };
		CE5DCFE518A4D2B300DA0FDD /* _Person.m in Sources */ = {isa = PBXBuildFile; fileRef = CE5DCFDE18A4D2B300DA0FDD /* _Person.m */; };
		CE5DCFE618A4D2B300DA0FDD /* _Pet.m in Sources */ = {isa = PBXBuildFile; fileRef = CE5DCFE018A4D2B300DA0FDD /* _Pet.m */; };
		CE5DCFEF18A4D4E900DA0FDD /* DataCreater.m in Sources */ = {isa = PBXBuildFile; fileRef = CE5DCFEE18A4D4E900DA0FDD /* DataCreater.m */; };
		CE8547BD18A526EB00E8B64E /* TheCityViewerController.m in Sources */ = {isa = PBXBuildFile; fileRef = CE8547BA18A526EB00E8B64E /* TheCityViewerController.m */; };
		CE8547BE18A526EB00E8B64E /* TheCityViewerController.xib in Resources */ = {isa = PBXBuildFile; fileRef = CE8547BB18A526EB00E8B64E /* TheCityViewerController.xib */; };
		CEA0095B18A3DFEA00FA535B /* Cocoa.framework in Frameworks */ = {isa = PBXBuildFile; fileRef = CEA0095A18A3DFEA00FA535B /* Cocoa.framework */; };
		CEA0096518A3DFEA00FA535B /* InfoPlist.strings in Resources */ = {isa = PBXBuildFile; fileRef = CEA0096318A3DFEA00FA535B /* InfoPlist.strings */; };
		CEA0096B18A3DFEA00FA535B /* Credits.rtf in Resources */ = {isa = PBXBuildFile; fileRef = CEA0096918A3DFEA00FA535B /* Credits.rtf */; };
		CEA0096E18A3DFEA00FA535B /* AppDelegate.m in Sources */ = {isa = PBXBuildFile; fileRef = CEA0096D18A3DFEA00FA535B /* AppDelegate.m */; };
		CEA0097118A3DFEA00FA535B /* MainMenu.xib in Resources */ = {isa = PBXBuildFile; fileRef = CEA0096F18A3DFEA00FA535B /* MainMenu.xib */; };
		CEA0097618A3DFEA00FA535B /* Images.xcassets in Resources */ = {isa = PBXBuildFile; fileRef = CEA0097518A3DFEA00FA535B /* Images.xcassets */; };
		CEA0097D18A3DFEA00FA535B /* XCTest.framework in Frameworks */ = {isa = PBXBuildFile; fileRef = CEA0097C18A3DFEA00FA535B /* XCTest.framework */; };
		CEA0097E18A3DFEA00FA535B /* Cocoa.framework in Frameworks */ = {isa = PBXBuildFile; fileRef = CEA0095A18A3DFEA00FA535B /* Cocoa.framework */; };
		CEA0098618A3DFEA00FA535B /* InfoPlist.strings in Resources */ = {isa = PBXBuildFile; fileRef = CEA0098418A3DFEA00FA535B /* InfoPlist.strings */; };
		CEA0098818A3DFEA00FA535B /* MyToyAppForCoreDataTests.m in Sources */ = {isa = PBXBuildFile; fileRef = CEA0098718A3DFEA00FA535B /* MyToyAppForCoreDataTests.m */; };
		CEBBB1A418A4E91F001DE37E /* ThePeopleViewerController.m in Sources */ = {isa = PBXBuildFile; fileRef = CEBBB1A218A4E91F001DE37E /* ThePeopleViewerController.m */; };
		CEBBB1A518A4E91F001DE37E /* ThePeopleViewerController.xib in Resources */ = {isa = PBXBuildFile; fileRef = CEBBB1A318A4E91F001DE37E /* ThePeopleViewerController.xib */; };
		CEBBB1A818A4E9E0001DE37E /* MyApplicationHelper.m in Sources */ = {isa = PBXBuildFile; fileRef = CEBBB1A718A4E9E0001DE37E /* MyApplicationHelper.m */; };
		CEBBB1B118A4FFE0001DE37E /* TheCompaniesViewerController.m in Sources */ = {isa = PBXBuildFile; fileRef = CEBBB1AE18A4FFE0001DE37E /* TheCompaniesViewerController.m */; };
		CEBBB1B218A4FFE0001DE37E /* TheCompaniesViewerController.xib in Resources */ = {isa = PBXBuildFile; fileRef = CEBBB1AF18A4FFE0001DE37E /* TheCompaniesViewerController.xib */; };
		CEBBBACD18AE214900B3BB92 /* _Entity1.m in Sources */ = {isa = PBXBuildFile; fileRef = CEBBBABE18AE214900B3BB92 /* _Entity1.m */; };
		CEBBBACE18AE214900B3BB92 /* _Entity2.m in Sources */ = {isa = PBXBuildFile; fileRef = CEBBBAC018AE214900B3BB92 /* _Entity2.m */; };
		CEBBBACF18AE214900B3BB92 /* _Entity3.m in Sources */ = {isa = PBXBuildFile; fileRef = CEBBBAC218AE214900B3BB92 /* _Entity3.m */; };
		CEBBBAD018AE214900B3BB92 /* _EntitySelf.m in Sources */ = {isa = PBXBuildFile; fileRef = CEBBBAC418AE214900B3BB92 /* _EntitySelf.m */; };
		CEBBBAD118AE214900B3BB92 /* Entity1.m in Sources */ = {isa = PBXBuildFile; fileRef = CEBBBAC618AE214900B3BB92 /* Entity1.m */; };
		CEBBBAD218AE214900B3BB92 /* Entity2.m in Sources */ = {isa = PBXBuildFile; fileRef = CEBBBAC818AE214900B3BB92 /* Entity2.m */; };
		CEBBBAD318AE214900B3BB92 /* Entity3.m in Sources */ = {isa = PBXBuildFile; fileRef = CEBBBACA18AE214900B3BB92 /* Entity3.m */; };
		CEBBBAD418AE214900B3BB92 /* EntitySelf.m in Sources */ = {isa = PBXBuildFile; fileRef = CEBBBACC18AE214900B3BB92 /* EntitySelf.m */; };
		CEBBBADB18AE219D00B3BB92 /* HELP bugs.pdf in Resources */ = {isa = PBXBuildFile; fileRef = CEBBBADA18AE219D00B3BB92 /* HELP bugs.pdf */; };
		CEBBBAE018AE676100B3BB92 /* _EntityAlpha.m in Sources */ = {isa = PBXBuildFile; fileRef = CEBBBADD18AE676100B3BB92 /* _EntityAlpha.m */; };
		CEBBBAE118AE676100B3BB92 /* EntityAlpha.m in Sources */ = {isa = PBXBuildFile; fileRef = CEBBBADF18AE676100B3BB92 /* EntityAlpha.m */; };
		CEBBBAE618AE6BC100B3BB92 /* Modèle.png in Resources */ = {isa = PBXBuildFile; fileRef = CEBBBAE518AE6BC100B3BB92 /* Modèle.png */; };
		CEBBBAEF18AE6C1100B3BB92 /* _EntityBeta.m in Sources */ = {isa = PBXBuildFile; fileRef = CEBBBAE818AE6C1100B3BB92 /* _EntityBeta.m */; };
		CEBBBAF018AE6C1100B3BB92 /* _EntityGamma.m in Sources */ = {isa = PBXBuildFile; fileRef = CEBBBAEA18AE6C1100B3BB92 /* _EntityGamma.m */; };
		CEBBBAF118AE6C1100B3BB92 /* EntityBeta.m in Sources */ = {isa = PBXBuildFile; fileRef = CEBBBAEC18AE6C1100B3BB92 /* EntityBeta.m */; };
		CEBBBAF218AE6C1100B3BB92 /* EntityGamma.m in Sources */ = {isa = PBXBuildFile; fileRef = CEBBBAEE18AE6C1100B3BB92 /* EntityGamma.m */; };
/* End PBXBuildFile section */

/* Begin PBXContainerItemProxy section */
		CEA0097F18A3DFEA00FA535B /* PBXContainerItemProxy */ = {
			isa = PBXContainerItemProxy;
			containerPortal = CEA0094F18A3DFEA00FA535B /* Project object */;
			proxyType = 1;
			remoteGlobalIDString = CEA0095618A3DFEA00FA535B;
			remoteInfo = MyToyAppForCoreData;
		};
/* End PBXContainerItemProxy section */

/* Begin PBXFileReference section */
		5FABC99FAA5B4F6FB328A537 /* libPods.a */ = {isa = PBXFileReference; explicitFileType = archive.ar; includeInIndex = 0; path = libPods.a; sourceTree = BUILT_PRODUCTS_DIR; };
		B4F87D9B92EF44DB8CCE4430 /* Pods.xcconfig */ = {isa = PBXFileReference; includeInIndex = 1; lastKnownFileType = text.xcconfig; name = Pods.xcconfig; path = Pods/Pods.xcconfig; sourceTree = "<group>"; };
		CE3F859B18AE07500003B4C6 /* _EntityA.h */ = {isa = PBXFileReference; fileEncoding = 4; lastKnownFileType = sourcecode.c.h; path = _EntityA.h; sourceTree = "<group>"; };
		CE3F859C18AE07500003B4C6 /* _EntityA.m */ = {isa = PBXFileReference; fileEncoding = 4; lastKnownFileType = sourcecode.c.objc; path = _EntityA.m; sourceTree = "<group>"; };
		CE3F859D18AE07500003B4C6 /* _EntityB.h */ = {isa = PBXFileReference; fileEncoding = 4; lastKnownFileType = sourcecode.c.h; path = _EntityB.h; sourceTree = "<group>"; };
		CE3F859E18AE07500003B4C6 /* _EntityB.m */ = {isa = PBXFileReference; fileEncoding = 4; lastKnownFileType = sourcecode.c.objc; path = _EntityB.m; sourceTree = "<group>"; };
		CE3F859F18AE07500003B4C6 /* EntityA.h */ = {isa = PBXFileReference; fileEncoding = 4; lastKnownFileType = sourcecode.c.h; path = EntityA.h; sourceTree = "<group>"; };
		CE3F85A018AE07500003B4C6 /* EntityA.m */ = {isa = PBXFileReference; fileEncoding = 4; lastKnownFileType = sourcecode.c.objc; path = EntityA.m; sourceTree = "<group>"; };
		CE3F85A118AE07500003B4C6 /* EntityB.h */ = {isa = PBXFileReference; fileEncoding = 4; lastKnownFileType = sourcecode.c.h; path = EntityB.h; sourceTree = "<group>"; };
		CE3F85A218AE07500003B4C6 /* EntityB.m */ = {isa = PBXFileReference; fileEncoding = 4; lastKnownFileType = sourcecode.c.objc; path = EntityB.m; sourceTree = "<group>"; };
		CE5DCFB418A4CD5200DA0FDD /* MyToyAppForCoreData.xcdatamodel */ = {isa = PBXFileReference; lastKnownFileType = wrapper.xcdatamodel; path = MyToyAppForCoreData.xcdatamodel; sourceTree = "<group>"; };
		CE5DCFB618A4D03E00DA0FDD /* City.h */ = {isa = PBXFileReference; fileEncoding = 4; lastKnownFileType = sourcecode.c.h; path = City.h; sourceTree = "<group>"; };
		CE5DCFB718A4D03E00DA0FDD /* City.m */ = {isa = PBXFileReference; fileEncoding = 4; lastKnownFileType = sourcecode.c.objc; path = City.m; sourceTree = "<group>"; };
		CE5DCFB818A4D03E00DA0FDD /* Company.h */ = {isa = PBXFileReference; fileEncoding = 4; lastKnownFileType = sourcecode.c.h; path = Company.h; sourceTree = "<group>"; };
		CE5DCFB918A4D03E00DA0FDD /* Company.m */ = {isa = PBXFileReference; fileEncoding = 4; lastKnownFileType = sourcecode.c.objc; path = Company.m; sourceTree = "<group>"; };
		CE5DCFBA18A4D03E00DA0FDD /* Family.h */ = {isa = PBXFileReference; fileEncoding = 4; lastKnownFileType = sourcecode.c.h; path = Family.h; sourceTree = "<group>"; };
		CE5DCFBB18A4D03E00DA0FDD /* Family.m */ = {isa = PBXFileReference; fileEncoding = 4; lastKnownFileType = sourcecode.c.objc; path = Family.m; sourceTree = "<group>"; };
		CE5DCFBC18A4D03E00DA0FDD /* Person.h */ = {isa = PBXFileReference; fileEncoding = 4; lastKnownFileType = sourcecode.c.h; path = Person.h; sourceTree = "<group>"; };
		CE5DCFBD18A4D03E00DA0FDD /* Person.m */ = {isa = PBXFileReference; fileEncoding = 4; lastKnownFileType = sourcecode.c.objc; path = Person.m; sourceTree = "<group>"; };
		CE5DCFBE18A4D03E00DA0FDD /* Pet.h */ = {isa = PBXFileReference; fileEncoding = 4; lastKnownFileType = sourcecode.c.h; path = Pet.h; sourceTree = "<group>"; };
		CE5DCFBF18A4D03E00DA0FDD /* Pet.m */ = {isa = PBXFileReference; fileEncoding = 4; lastKnownFileType = sourcecode.c.objc; path = Pet.m; sourceTree = "<group>"; };
		CE5DCFC518A4D0A900DA0FDD /* EntityWithName.h */ = {isa = PBXFileReference; fileEncoding = 4; lastKnownFileType = sourcecode.c.h; path = EntityWithName.h; sourceTree = "<group>"; };
		CE5DCFC618A4D0A900DA0FDD /* EntityWithName.m */ = {isa = PBXFileReference; fileEncoding = 4; lastKnownFileType = sourcecode.c.objc; path = EntityWithName.m; sourceTree = "<group>"; };
		CE5DCFD518A4D2B300DA0FDD /* _City.h */ = {isa = PBXFileReference; fileEncoding = 4; lastKnownFileType = sourcecode.c.h; path = _City.h; sourceTree = "<group>"; };
		CE5DCFD618A4D2B300DA0FDD /* _City.m */ = {isa = PBXFileReference; fileEncoding = 4; lastKnownFileType = sourcecode.c.objc; path = _City.m; sourceTree = "<group>"; };
		CE5DCFD718A4D2B300DA0FDD /* _Company.h */ = {isa = PBXFileReference; fileEncoding = 4; lastKnownFileType = sourcecode.c.h; path = _Company.h; sourceTree = "<group>"; };
		CE5DCFD818A4D2B300DA0FDD /* _Company.m */ = {isa = PBXFileReference; fileEncoding = 4; lastKnownFileType = sourcecode.c.objc; path = _Company.m; sourceTree = "<group>"; };
		CE5DCFD918A4D2B300DA0FDD /* _EntityWithName.h */ = {isa = PBXFileReference; fileEncoding = 4; lastKnownFileType = sourcecode.c.h; path = _EntityWithName.h; sourceTree = "<group>"; };
		CE5DCFDA18A4D2B300DA0FDD /* _EntityWithName.m */ = {isa = PBXFileReference; fileEncoding = 4; lastKnownFileType = sourcecode.c.objc; path = _EntityWithName.m; sourceTree = "<group>"; };
		CE5DCFDB18A4D2B300DA0FDD /* _Family.h */ = {isa = PBXFileReference; fileEncoding = 4; lastKnownFileType = sourcecode.c.h; path = _Family.h; sourceTree = "<group>"; };
		CE5DCFDC18A4D2B300DA0FDD /* _Family.m */ = {isa = PBXFileReference; fileEncoding = 4; lastKnownFileType = sourcecode.c.objc; path = _Family.m; sourceTree = "<group>"; };
		CE5DCFDD18A4D2B300DA0FDD /* _Person.h */ = {isa = PBXFileReference; fileEncoding = 4; lastKnownFileType = sourcecode.c.h; path = _Person.h; sourceTree = "<group>"; };
		CE5DCFDE18A4D2B300DA0FDD /* _Person.m */ = {isa = PBXFileReference; fileEncoding = 4; lastKnownFileType = sourcecode.c.objc; path = _Person.m; sourceTree = "<group>"; };
		CE5DCFDF18A4D2B300DA0FDD /* _Pet.h */ = {isa = PBXFileReference; fileEncoding = 4; lastKnownFileType = sourcecode.c.h; path = _Pet.h; sourceTree = "<group>"; };
		CE5DCFE018A4D2B300DA0FDD /* _Pet.m */ = {isa = PBXFileReference; fileEncoding = 4; lastKnownFileType = sourcecode.c.objc; path = _Pet.m; sourceTree = "<group>"; };
		CE5DCFED18A4D4E900DA0FDD /* DataCreater.h */ = {isa = PBXFileReference; fileEncoding = 4; lastKnownFileType = sourcecode.c.h; path = DataCreater.h; sourceTree = "<group>"; };
		CE5DCFEE18A4D4E900DA0FDD /* DataCreater.m */ = {isa = PBXFileReference; fileEncoding = 4; lastKnownFileType = sourcecode.c.objc; path = DataCreater.m; sourceTree = "<group>"; };
		CE8547BA18A526EB00E8B64E /* TheCityViewerController.m */ = {isa = PBXFileReference; fileEncoding = 4; lastKnownFileType = sourcecode.c.objc; path = TheCityViewerController.m; sourceTree = "<group>"; };
		CE8547BB18A526EB00E8B64E /* TheCityViewerController.xib */ = {isa = PBXFileReference; fileEncoding = 4; lastKnownFileType = file.xib; path = TheCityViewerController.xib; sourceTree = "<group>"; };
		CE8547BC18A526EB00E8B64E /* TheCityViewerController.h */ = {isa = PBXFileReference; fileEncoding = 4; lastKnownFileType = sourcecode.c.h; path = TheCityViewerController.h; sourceTree = "<group>"; };
		CEA0095718A3DFEA00FA535B /* MyToyAppForCoreData.app */ = {isa = PBXFileReference; explicitFileType = wrapper.application; includeInIndex = 0; path = MyToyAppForCoreData.app; sourceTree = BUILT_PRODUCTS_DIR; };
		CEA0095A18A3DFEA00FA535B /* Cocoa.framework */ = {isa = PBXFileReference; lastKnownFileType = wrapper.framework; name = Cocoa.framework; path = System/Library/Frameworks/Cocoa.framework; sourceTree = SDKROOT; };
		CEA0095D18A3DFEA00FA535B /* AppKit.framework */ = {isa = PBXFileReference; lastKnownFileType = wrapper.framework; name = AppKit.framework; path = System/Library/Frameworks/AppKit.framework; sourceTree = SDKROOT; };
		CEA0095E18A3DFEA00FA535B /* CoreData.framework */ = {isa = PBXFileReference; lastKnownFileType = wrapper.framework; name = CoreData.framework; path = System/Library/Frameworks/CoreData.framework; sourceTree = SDKROOT; };
		CEA0095F18A3DFEA00FA535B /* Foundation.framework */ = {isa = PBXFileReference; lastKnownFileType = wrapper.framework; name = Foundation.framework; path = System/Library/Frameworks/Foundation.framework; sourceTree = SDKROOT; };
		CEA0096218A3DFEA00FA535B /* MyToyAppForCoreData-Info.plist */ = {isa = PBXFileReference; lastKnownFileType = text.plist.xml; path = "MyToyAppForCoreData-Info.plist"; sourceTree = "<group>"; };
		CEA0096418A3DFEA00FA535B /* en */ = {isa = PBXFileReference; lastKnownFileType = text.plist.strings; name = en; path = en.lproj/InfoPlist.strings; sourceTree = "<group>"; };
		CEA0096618A3DFEA00FA535B /* main.m */ = {isa = PBXFileReference; lastKnownFileType = sourcecode.c.objc; path = main.m; sourceTree = "<group>"; };
		CEA0096818A3DFEA00FA535B /* MyToyAppForCoreData-Prefix.pch */ = {isa = PBXFileReference; lastKnownFileType = sourcecode.c.h; path = "MyToyAppForCoreData-Prefix.pch"; sourceTree = "<group>"; };
		CEA0096A18A3DFEA00FA535B /* en */ = {isa = PBXFileReference; lastKnownFileType = text.rtf; name = en; path = en.lproj/Credits.rtf; sourceTree = "<group>"; };
		CEA0096C18A3DFEA00FA535B /* AppDelegate.h */ = {isa = PBXFileReference; lastKnownFileType = sourcecode.c.h; path = AppDelegate.h; sourceTree = "<group>"; };
		CEA0096D18A3DFEA00FA535B /* AppDelegate.m */ = {isa = PBXFileReference; lastKnownFileType = sourcecode.c.objc; path = AppDelegate.m; sourceTree = "<group>"; };
		CEA0097018A3DFEA00FA535B /* Base */ = {isa = PBXFileReference; lastKnownFileType = file.xib; name = Base; path = Base.lproj/MainMenu.xib; sourceTree = "<group>"; };
		CEA0097518A3DFEA00FA535B /* Images.xcassets */ = {isa = PBXFileReference; lastKnownFileType = folder.assetcatalog; path = Images.xcassets; sourceTree = "<group>"; };
		CEA0097B18A3DFEA00FA535B /* MyToyAppForCoreDataTests.xctest */ = {isa = PBXFileReference; explicitFileType = wrapper.cfbundle; includeInIndex = 0; path = MyToyAppForCoreDataTests.xctest; sourceTree = BUILT_PRODUCTS_DIR; };
		CEA0097C18A3DFEA00FA535B /* XCTest.framework */ = {isa = PBXFileReference; lastKnownFileType = wrapper.framework; name = XCTest.framework; path = Library/Frameworks/XCTest.framework; sourceTree = DEVELOPER_DIR; };
		CEA0098318A3DFEA00FA535B /* MyToyAppForCoreDataTests-Info.plist */ = {isa = PBXFileReference; lastKnownFileType = text.plist.xml; path = "MyToyAppForCoreDataTests-Info.plist"; sourceTree = "<group>"; };
		CEA0098518A3DFEA00FA535B /* en */ = {isa = PBXFileReference; lastKnownFileType = text.plist.strings; name = en; path = en.lproj/InfoPlist.strings; sourceTree = "<group>"; };
		CEA0098718A3DFEA00FA535B /* MyToyAppForCoreDataTests.m */ = {isa = PBXFileReference; lastKnownFileType = sourcecode.c.objc; path = MyToyAppForCoreDataTests.m; sourceTree = "<group>"; };
		CEBBB1A118A4E91F001DE37E /* ThePeopleViewerController.h */ = {isa = PBXFileReference; fileEncoding = 4; lastKnownFileType = sourcecode.c.h; path = ThePeopleViewerController.h; sourceTree = "<group>"; };
		CEBBB1A218A4E91F001DE37E /* ThePeopleViewerController.m */ = {isa = PBXFileReference; fileEncoding = 4; lastKnownFileType = sourcecode.c.objc; path = ThePeopleViewerController.m; sourceTree = "<group>"; };
		CEBBB1A318A4E91F001DE37E /* ThePeopleViewerController.xib */ = {isa = PBXFileReference; fileEncoding = 4; lastKnownFileType = file.xib; path = ThePeopleViewerController.xib; sourceTree = "<group>"; };
		CEBBB1A618A4E9E0001DE37E /* MyApplicationHelper.h */ = {isa = PBXFileReference; fileEncoding = 4; lastKnownFileType = sourcecode.c.h; path = MyApplicationHelper.h; sourceTree = "<group>"; };
		CEBBB1A718A4E9E0001DE37E /* MyApplicationHelper.m */ = {isa = PBXFileReference; fileEncoding = 4; lastKnownFileType = sourcecode.c.objc; path = MyApplicationHelper.m; sourceTree = "<group>"; };
		CEBBB1AE18A4FFE0001DE37E /* TheCompaniesViewerController.m */ = {isa = PBXFileReference; fileEncoding = 4; lastKnownFileType = sourcecode.c.objc; path = TheCompaniesViewerController.m; sourceTree = "<group>"; };
		CEBBB1AF18A4FFE0001DE37E /* TheCompaniesViewerController.xib */ = {isa = PBXFileReference; fileEncoding = 4; lastKnownFileType = file.xib; path = TheCompaniesViewerController.xib; sourceTree = "<group>"; };
		CEBBB1B018A4FFE0001DE37E /* TheCompaniesViewerController.h */ = {isa = PBXFileReference; fileEncoding = 4; lastKnownFileType = sourcecode.c.h; path = TheCompaniesViewerController.h; sourceTree = "<group>"; };
		CEBBBABD18AE214900B3BB92 /* _Entity1.h */ = {isa = PBXFileReference; fileEncoding = 4; lastKnownFileType = sourcecode.c.h; path = _Entity1.h; sourceTree = "<group>"; };
		CEBBBABE18AE214900B3BB92 /* _Entity1.m */ = {isa = PBXFileReference; fileEncoding = 4; lastKnownFileType = sourcecode.c.objc; path = _Entity1.m; sourceTree = "<group>"; };
		CEBBBABF18AE214900B3BB92 /* _Entity2.h */ = {isa = PBXFileReference; fileEncoding = 4; lastKnownFileType = sourcecode.c.h; path = _Entity2.h; sourceTree = "<group>"; };
		CEBBBAC018AE214900B3BB92 /* _Entity2.m */ = {isa = PBXFileReference; fileEncoding = 4; lastKnownFileType = sourcecode.c.objc; path = _Entity2.m; sourceTree = "<group>"; };
		CEBBBAC118AE214900B3BB92 /* _Entity3.h */ = {isa = PBXFileReference; fileEncoding = 4; lastKnownFileType = sourcecode.c.h; path = _Entity3.h; sourceTree = "<group>"; };
		CEBBBAC218AE214900B3BB92 /* _Entity3.m */ = {isa = PBXFileReference; fileEncoding = 4; lastKnownFileType = sourcecode.c.objc; path = _Entity3.m; sourceTree = "<group>"; };
		CEBBBAC318AE214900B3BB92 /* _EntitySelf.h */ = {isa = PBXFileReference; fileEncoding = 4; lastKnownFileType = sourcecode.c.h; path = _EntitySelf.h; sourceTree = "<group>"; };
		CEBBBAC418AE214900B3BB92 /* _EntitySelf.m */ = {isa = PBXFileReference; fileEncoding = 4; lastKnownFileType = sourcecode.c.objc; path = _EntitySelf.m; sourceTree = "<group>"; };
		CEBBBAC518AE214900B3BB92 /* Entity1.h */ = {isa = PBXFileReference; fileEncoding = 4; lastKnownFileType = sourcecode.c.h; path = Entity1.h; sourceTree = "<group>"; };
		CEBBBAC618AE214900B3BB92 /* Entity1.m */ = {isa = PBXFileReference; fileEncoding = 4; lastKnownFileType = sourcecode.c.objc; path = Entity1.m; sourceTree = "<group>"; };
		CEBBBAC718AE214900B3BB92 /* Entity2.h */ = {isa = PBXFileReference; fileEncoding = 4; lastKnownFileType = sourcecode.c.h; path = Entity2.h; sourceTree = "<group>"; };
		CEBBBAC818AE214900B3BB92 /* Entity2.m */ = {isa = PBXFileReference; fileEncoding = 4; lastKnownFileType = sourcecode.c.objc; path = Entity2.m; sourceTree = "<group>"; };
		CEBBBAC918AE214900B3BB92 /* Entity3.h */ = {isa = PBXFileReference; fileEncoding = 4; lastKnownFileType = sourcecode.c.h; path = Entity3.h; sourceTree = "<group>"; };
		CEBBBACA18AE214900B3BB92 /* Entity3.m */ = {isa = PBXFileReference; fileEncoding = 4; lastKnownFileType = sourcecode.c.objc; path = Entity3.m; sourceTree = "<group>"; };
		CEBBBACB18AE214900B3BB92 /* EntitySelf.h */ = {isa = PBXFileReference; fileEncoding = 4; lastKnownFileType = sourcecode.c.h; path = EntitySelf.h; sourceTree = "<group>"; };
		CEBBBACC18AE214900B3BB92 /* EntitySelf.m */ = {isa = PBXFileReference; fileEncoding = 4; lastKnownFileType = sourcecode.c.objc; path = EntitySelf.m; sourceTree = "<group>"; };
		CEBBBADA18AE219D00B3BB92 /* HELP bugs.pdf */ = {isa = PBXFileReference; lastKnownFileType = image.pdf; path = "HELP bugs.pdf"; sourceTree = "<group>"; };
		CEBBBADC18AE676100B3BB92 /* _EntityAlpha.h */ = {isa = PBXFileReference; fileEncoding = 4; lastKnownFileType = sourcecode.c.h; path = _EntityAlpha.h; sourceTree = "<group>"; };
		CEBBBADD18AE676100B3BB92 /* _EntityAlpha.m */ = {isa = PBXFileReference; fileEncoding = 4; lastKnownFileType = sourcecode.c.objc; path = _EntityAlpha.m; sourceTree = "<group>"; };
		CEBBBADE18AE676100B3BB92 /* EntityAlpha.h */ = {isa = PBXFileReference; fileEncoding = 4; lastKnownFileType = sourcecode.c.h; path = EntityAlpha.h; sourceTree = "<group>"; };
		CEBBBADF18AE676100B3BB92 /* EntityAlpha.m */ = {isa = PBXFileReference; fileEncoding = 4; lastKnownFileType = sourcecode.c.objc; path = EntityAlpha.m; sourceTree = "<group>"; };
		CEBBBAE518AE6BC100B3BB92 /* Modèle.png */ = {isa = PBXFileReference; lastKnownFileType = image.png; path = "Modèle.png"; sourceTree = "<group>"; };
		CEBBBAE718AE6C1100B3BB92 /* _EntityBeta.h */ = {isa = PBXFileReference; fileEncoding = 4; lastKnownFileType = sourcecode.c.h; path = _EntityBeta.h; sourceTree = "<group>"; };
		CEBBBAE818AE6C1100B3BB92 /* _EntityBeta.m */ = {isa = PBXFileReference; fileEncoding = 4; lastKnownFileType = sourcecode.c.objc; path = _EntityBeta.m; sourceTree = "<group>"; };
		CEBBBAE918AE6C1100B3BB92 /* _EntityGamma.h */ = {isa = PBXFileReference; fileEncoding = 4; lastKnownFileType = sourcecode.c.h; path = _EntityGamma.h; sourceTree = "<group>"; };
		CEBBBAEA18AE6C1100B3BB92 /* _EntityGamma.m */ = {isa = PBXFileReference; fileEncoding = 4; lastKnownFileType = sourcecode.c.objc; path = _EntityGamma.m; sourceTree = "<group>"; };
		CEBBBAEB18AE6C1100B3BB92 /* EntityBeta.h */ = {isa = PBXFileReference; fileEncoding = 4; lastKnownFileType = sourcecode.c.h; path = EntityBeta.h; sourceTree = "<group>"; };
		CEBBBAEC18AE6C1100B3BB92 /* EntityBeta.m */ = {isa = PBXFileReference; fileEncoding = 4; lastKnownFileType = sourcecode.c.objc; path = EntityBeta.m; sourceTree = "<group>"; };
		CEBBBAED18AE6C1100B3BB92 /* EntityGamma.h */ = {isa = PBXFileReference; fileEncoding = 4; lastKnownFileType = sourcecode.c.h; path = EntityGamma.h; sourceTree = "<group>"; };
		CEBBBAEE18AE6C1100B3BB92 /* EntityGamma.m */ = {isa = PBXFileReference; fileEncoding = 4; lastKnownFileType = sourcecode.c.objc; path = EntityGamma.m; sourceTree = "<group>"; };
		CEC9008818B3591A006F072B /* Macros.h */ = {isa = PBXFileReference; lastKnownFileType = sourcecode.c.h; path = Macros.h; sourceTree = "<group>"; };
		CEC9008918B3597F006F072B /* Macros.h */ = {isa = PBXFileReference; lastKnownFileType = sourcecode.c.h; path = Macros.h; sourceTree = "<group>"; };
/* End PBXFileReference section */

/* Begin PBXFrameworksBuildPhase section */
		CEA0095418A3DFEA00FA535B /* Frameworks */ = {
			isa = PBXFrameworksBuildPhase;
			buildActionMask = 2147483647;
			files = (
				CEA0095B18A3DFEA00FA535B /* Cocoa.framework in Frameworks */,
				BE9FE611036542658CD4C1ED /* libPods.a in Frameworks */,
			);
			runOnlyForDeploymentPostprocessing = 0;
		};
		CEA0097818A3DFEA00FA535B /* Frameworks */ = {
			isa = PBXFrameworksBuildPhase;
			buildActionMask = 2147483647;
			files = (
				CEA0097E18A3DFEA00FA535B /* Cocoa.framework in Frameworks */,
				CEA0097D18A3DFEA00FA535B /* XCTest.framework in Frameworks */,
			);
			runOnlyForDeploymentPostprocessing = 0;
		};
/* End PBXFrameworksBuildPhase section */

/* Begin PBXGroup section */
		CE3F85A718AE07560003B4C6 /* EntityB */ = {
			isa = PBXGroup;
			children = (
				CE3F859D18AE07500003B4C6 /* _EntityB.h */,
				CE3F859E18AE07500003B4C6 /* _EntityB.m */,
				CE3F85A118AE07500003B4C6 /* EntityB.h */,
				CE3F85A218AE07500003B4C6 /* EntityB.m */,
			);
			name = EntityB;
			sourceTree = "<group>";
		};
		CE3F85A818AE07640003B4C6 /* EntityA */ = {
			isa = PBXGroup;
			children = (
				CE3F859B18AE07500003B4C6 /* _EntityA.h */,
				CE3F859C18AE07500003B4C6 /* _EntityA.m */,
				CE3F859F18AE07500003B4C6 /* EntityA.h */,
				CE3F85A018AE07500003B4C6 /* EntityA.m */,
			);
			name = EntityA;
			sourceTree = "<group>";
		};
		CE5DCFB218A4CD5200DA0FDD /* Model */ = {
			isa = PBXGroup;
			children = (
				CEBBBAD918AE217D00B3BB92 /* WeirdModel */,
				CE5DCFE718A4D2C000DA0FDD /* City */,
				CE5DCFE818A4D2CC00DA0FDD /* Company */,
				CE5DCFEB18A4D2DB00DA0FDD /* EntityWithName */,
				CE5DCFEC18A4D2E000DA0FDD /* Family */,
				CE5DCFE918A4D2D100DA0FDD /* Person */,
				CE5DCFEA18A4D2D500DA0FDD /* Pet */,
				CE5DCFB318A4CD5200DA0FDD /* MyToyAppForCoreData.xcdatamodeld */,
			);
			path = Model;
			sourceTree = "<group>";
		};
		CE5DCFE718A4D2C000DA0FDD /* City */ = {
			isa = PBXGroup;
			children = (
				CE5DCFD518A4D2B300DA0FDD /* _City.h */,
				CE5DCFD618A4D2B300DA0FDD /* _City.m */,
				CE5DCFB618A4D03E00DA0FDD /* City.h */,
				CE5DCFB718A4D03E00DA0FDD /* City.m */,
			);
			name = City;
			sourceTree = "<group>";
		};
		CE5DCFE818A4D2CC00DA0FDD /* Company */ = {
			isa = PBXGroup;
			children = (
				CE5DCFD718A4D2B300DA0FDD /* _Company.h */,
				CE5DCFD818A4D2B300DA0FDD /* _Company.m */,
				CE5DCFB818A4D03E00DA0FDD /* Company.h */,
				CE5DCFB918A4D03E00DA0FDD /* Company.m */,
			);
			name = Company;
			sourceTree = "<group>";
		};
		CE5DCFE918A4D2D100DA0FDD /* Person */ = {
			isa = PBXGroup;
			children = (
				CE5DCFDD18A4D2B300DA0FDD /* _Person.h */,
				CE5DCFDE18A4D2B300DA0FDD /* _Person.m */,
				CE5DCFBC18A4D03E00DA0FDD /* Person.h */,
				CE5DCFBD18A4D03E00DA0FDD /* Person.m */,
			);
			name = Person;
			sourceTree = "<group>";
		};
		CE5DCFEA18A4D2D500DA0FDD /* Pet */ = {
			isa = PBXGroup;
			children = (
				CE5DCFDF18A4D2B300DA0FDD /* _Pet.h */,
				CE5DCFE018A4D2B300DA0FDD /* _Pet.m */,
				CE5DCFBE18A4D03E00DA0FDD /* Pet.h */,
				CE5DCFBF18A4D03E00DA0FDD /* Pet.m */,
			);
			name = Pet;
			sourceTree = "<group>";
		};
		CE5DCFEB18A4D2DB00DA0FDD /* EntityWithName */ = {
			isa = PBXGroup;
			children = (
				CE5DCFD918A4D2B300DA0FDD /* _EntityWithName.h */,
				CE5DCFDA18A4D2B300DA0FDD /* _EntityWithName.m */,
				CE5DCFC518A4D0A900DA0FDD /* EntityWithName.h */,
				CE5DCFC618A4D0A900DA0FDD /* EntityWithName.m */,
			);
			name = EntityWithName;
			sourceTree = "<group>";
		};
		CE5DCFEC18A4D2E000DA0FDD /* Family */ = {
			isa = PBXGroup;
			children = (
				CE5DCFDB18A4D2B300DA0FDD /* _Family.h */,
				CE5DCFDC18A4D2B300DA0FDD /* _Family.m */,
				CE5DCFBA18A4D03E00DA0FDD /* Family.h */,
				CE5DCFBB18A4D03E00DA0FDD /* Family.m */,
			);
			name = Family;
			sourceTree = "<group>";
		};
		CEA0094E18A3DFEA00FA535B = {
			isa = PBXGroup;
			children = (
				CEC9008818B3591A006F072B /* Macros.h */,
				CEA0096018A3DFEA00FA535B /* MyToyAppForCoreData */,
				CEA0098118A3DFEA00FA535B /* MyToyAppForCoreDataTests */,
				CEA0095918A3DFEA00FA535B /* Frameworks */,
				CEA0095818A3DFEA00FA535B /* Products */,
				B4F87D9B92EF44DB8CCE4430 /* Pods.xcconfig */,
			);
			sourceTree = "<group>";
		};
		CEA0095818A3DFEA00FA535B /* Products */ = {
			isa = PBXGroup;
			children = (
				CEA0095718A3DFEA00FA535B /* MyToyAppForCoreData.app */,
				CEA0097B18A3DFEA00FA535B /* MyToyAppForCoreDataTests.xctest */,
			);
			name = Products;
			sourceTree = "<group>";
		};
		CEA0095918A3DFEA00FA535B /* Frameworks */ = {
			isa = PBXGroup;
			children = (
				CEA0095A18A3DFEA00FA535B /* Cocoa.framework */,
				CEA0097C18A3DFEA00FA535B /* XCTest.framework */,
				CEA0095C18A3DFEA00FA535B /* Other Frameworks */,
				5FABC99FAA5B4F6FB328A537 /* libPods.a */,
			);
			name = Frameworks;
			sourceTree = "<group>";
		};
		CEA0095C18A3DFEA00FA535B /* Other Frameworks */ = {
			isa = PBXGroup;
			children = (
				CEA0095D18A3DFEA00FA535B /* AppKit.framework */,
				CEA0095E18A3DFEA00FA535B /* CoreData.framework */,
				CEA0095F18A3DFEA00FA535B /* Foundation.framework */,
			);
			name = "Other Frameworks";
			sourceTree = "<group>";
		};
		CEA0096018A3DFEA00FA535B /* MyToyAppForCoreData */ = {
			isa = PBXGroup;
			children = (
				CEC9008918B3597F006F072B /* Macros.h */,
				CEBBBAE518AE6BC100B3BB92 /* Modèle.png */,
				CEBBBADA18AE219D00B3BB92 /* HELP bugs.pdf */,
				CEBBB1A018A4E8F3001DE37E /* WindowControllers */,
				CE5DCFB218A4CD5200DA0FDD /* Model */,
				CEA0096C18A3DFEA00FA535B /* AppDelegate.h */,
				CEA0096D18A3DFEA00FA535B /* AppDelegate.m */,
				CEA0096F18A3DFEA00FA535B /* MainMenu.xib */,
				CEBBB1A618A4E9E0001DE37E /* MyApplicationHelper.h */,
				CEBBB1A718A4E9E0001DE37E /* MyApplicationHelper.m */,
				CEA0097518A3DFEA00FA535B /* Images.xcassets */,
				CEA0096118A3DFEA00FA535B /* Supporting Files */,
				CE5DCFED18A4D4E900DA0FDD /* DataCreater.h */,
				CE5DCFEE18A4D4E900DA0FDD /* DataCreater.m */,
			);
			path = MyToyAppForCoreData;
			sourceTree = "<group>";
		};
		CEA0096118A3DFEA00FA535B /* Supporting Files */ = {
			isa = PBXGroup;
			children = (
				CEA0096218A3DFEA00FA535B /* MyToyAppForCoreData-Info.plist */,
				CEA0096318A3DFEA00FA535B /* InfoPlist.strings */,
				CEA0096618A3DFEA00FA535B /* main.m */,
				CEA0096818A3DFEA00FA535B /* MyToyAppForCoreData-Prefix.pch */,
				CEA0096918A3DFEA00FA535B /* Credits.rtf */,
			);
			name = "Supporting Files";
			sourceTree = "<group>";
		};
		CEA0098118A3DFEA00FA535B /* MyToyAppForCoreDataTests */ = {
			isa = PBXGroup;
			children = (
				CEA0098718A3DFEA00FA535B /* MyToyAppForCoreDataTests.m */,
				CEA0098218A3DFEA00FA535B /* Supporting Files */,
			);
			path = MyToyAppForCoreDataTests;
			sourceTree = "<group>";
		};
		CEA0098218A3DFEA00FA535B /* Supporting Files */ = {
			isa = PBXGroup;
			children = (
				CEA0098318A3DFEA00FA535B /* MyToyAppForCoreDataTests-Info.plist */,
				CEA0098418A3DFEA00FA535B /* InfoPlist.strings */,
			);
			name = "Supporting Files";
			sourceTree = "<group>";
		};
		CEBBB1A018A4E8F3001DE37E /* WindowControllers */ = {
			isa = PBXGroup;
			children = (
				CE8547BA18A526EB00E8B64E /* TheCityViewerController.m */,
				CE8547BB18A526EB00E8B64E /* TheCityViewerController.xib */,
				CE8547BC18A526EB00E8B64E /* TheCityViewerController.h */,
				CEBBB1AE18A4FFE0001DE37E /* TheCompaniesViewerController.m */,
				CEBBB1AF18A4FFE0001DE37E /* TheCompaniesViewerController.xib */,
				CEBBB1B018A4FFE0001DE37E /* TheCompaniesViewerController.h */,
				CEBBB1A118A4E91F001DE37E /* ThePeopleViewerController.h */,
				CEBBB1A218A4E91F001DE37E /* ThePeopleViewerController.m */,
				CEBBB1A318A4E91F001DE37E /* ThePeopleViewerController.xib */,
			);
			path = WindowControllers;
			sourceTree = "<group>";
		};
		CEBBBAD518AE215200B3BB92 /* EntitySelf */ = {
			isa = PBXGroup;
			children = (
				CEBBBAC318AE214900B3BB92 /* _EntitySelf.h */,
				CEBBBAC418AE214900B3BB92 /* _EntitySelf.m */,
				CEBBBACB18AE214900B3BB92 /* EntitySelf.h */,
				CEBBBACC18AE214900B3BB92 /* EntitySelf.m */,
			);
			name = EntitySelf;
			sourceTree = "<group>";
		};
		CEBBBAD618AE215B00B3BB92 /* Entity3 */ = {
			isa = PBXGroup;
			children = (
				CEBBBAC118AE214900B3BB92 /* _Entity3.h */,
				CEBBBAC218AE214900B3BB92 /* _Entity3.m */,
				CEBBBAC918AE214900B3BB92 /* Entity3.h */,
				CEBBBACA18AE214900B3BB92 /* Entity3.m */,
			);
			name = Entity3;
			sourceTree = "<group>";
		};
		CEBBBAD718AE216400B3BB92 /* Entity1 */ = {
			isa = PBXGroup;
			children = (
				CEBBBABD18AE214900B3BB92 /* _Entity1.h */,
				CEBBBABE18AE214900B3BB92 /* _Entity1.m */,
				CEBBBAC518AE214900B3BB92 /* Entity1.h */,
				CEBBBAC618AE214900B3BB92 /* Entity1.m */,
			);
			name = Entity1;
			sourceTree = "<group>";
		};
		CEBBBAD818AE217000B3BB92 /* Entity2 */ = {
			isa = PBXGroup;
			children = (
				CEBBBABF18AE214900B3BB92 /* _Entity2.h */,
				CEBBBAC018AE214900B3BB92 /* _Entity2.m */,
				CEBBBAC718AE214900B3BB92 /* Entity2.h */,
				CEBBBAC818AE214900B3BB92 /* Entity2.m */,
			);
			name = Entity2;
			sourceTree = "<group>";
		};
		CEBBBAD918AE217D00B3BB92 /* WeirdModel */ = {
			isa = PBXGroup;
			children = (
				CEBBBAF418AE6C2000B3BB92 /* EntityBeta */,
				CEBBBAF318AE6C1600B3BB92 /* EntityGamma */,
				CEBBBAE218AE676900B3BB92 /* EntityAlpha */,
				CEBBBAD718AE216400B3BB92 /* Entity1 */,
				CEBBBAD818AE217000B3BB92 /* Entity2 */,
				CEBBBAD618AE215B00B3BB92 /* Entity3 */,
				CEBBBAD518AE215200B3BB92 /* EntitySelf */,
				CE3F85A818AE07640003B4C6 /* EntityA */,
				CE3F85A718AE07560003B4C6 /* EntityB */,
			);
			name = WeirdModel;
			sourceTree = "<group>";
		};
		CEBBBAE218AE676900B3BB92 /* EntityAlpha */ = {
			isa = PBXGroup;
			children = (
				CEBBBADC18AE676100B3BB92 /* _EntityAlpha.h */,
				CEBBBADD18AE676100B3BB92 /* _EntityAlpha.m */,
				CEBBBADE18AE676100B3BB92 /* EntityAlpha.h */,
				CEBBBADF18AE676100B3BB92 /* EntityAlpha.m */,
			);
			name = EntityAlpha;
			sourceTree = "<group>";
		};
		CEBBBAF318AE6C1600B3BB92 /* EntityGamma */ = {
			isa = PBXGroup;
			children = (
				CEBBBAE918AE6C1100B3BB92 /* _EntityGamma.h */,
				CEBBBAEA18AE6C1100B3BB92 /* _EntityGamma.m */,
				CEBBBAED18AE6C1100B3BB92 /* EntityGamma.h */,
				CEBBBAEE18AE6C1100B3BB92 /* EntityGamma.m */,
			);
			name = EntityGamma;
			sourceTree = "<group>";
		};
		CEBBBAF418AE6C2000B3BB92 /* EntityBeta */ = {
			isa = PBXGroup;
			children = (
				CEBBBAE718AE6C1100B3BB92 /* _EntityBeta.h */,
				CEBBBAE818AE6C1100B3BB92 /* _EntityBeta.m */,
				CEBBBAEB18AE6C1100B3BB92 /* EntityBeta.h */,
				CEBBBAEC18AE6C1100B3BB92 /* EntityBeta.m */,
			);
			name = EntityBeta;
			sourceTree = "<group>";
		};
/* End PBXGroup section */

/* Begin PBXNativeTarget section */
		CEA0095618A3DFEA00FA535B /* MyToyAppForCoreData */ = {
			isa = PBXNativeTarget;
			buildConfigurationList = CEA0098B18A3DFEA00FA535B /* Build configuration list for PBXNativeTarget "MyToyAppForCoreData" */;
			buildPhases = (
				CD5D9C10BBD44B53B7097C96 /* Check Pods Manifest.lock */,
				CEA0095318A3DFEA00FA535B /* Sources */,
				CEA0095418A3DFEA00FA535B /* Frameworks */,
				CEA0095518A3DFEA00FA535B /* Resources */,
				693B5795926542E0AC57438A /* Copy Pods Resources */,
			);
			buildRules = (
			);
			dependencies = (
			);
			name = MyToyAppForCoreData;
			productName = MyToyAppForCoreData;
			productReference = CEA0095718A3DFEA00FA535B /* MyToyAppForCoreData.app */;
			productType = "com.apple.product-type.application";
		};
		CEA0097A18A3DFEA00FA535B /* MyToyAppForCoreDataTests */ = {
			isa = PBXNativeTarget;
			buildConfigurationList = CEA0098E18A3DFEA00FA535B /* Build configuration list for PBXNativeTarget "MyToyAppForCoreDataTests" */;
			buildPhases = (
				CEA0097718A3DFEA00FA535B /* Sources */,
				CEA0097818A3DFEA00FA535B /* Frameworks */,
				CEA0097918A3DFEA00FA535B /* Resources */,
			);
			buildRules = (
			);
			dependencies = (
				CEA0098018A3DFEA00FA535B /* PBXTargetDependency */,
			);
			name = MyToyAppForCoreDataTests;
			productName = MyToyAppForCoreDataTests;
			productReference = CEA0097B18A3DFEA00FA535B /* MyToyAppForCoreDataTests.xctest */;
			productType = "com.apple.product-type.bundle.unit-test";
		};
/* End PBXNativeTarget section */

/* Begin PBXProject section */
		CEA0094F18A3DFEA00FA535B /* Project object */ = {
			isa = PBXProject;
			attributes = {
				LastUpgradeCheck = 0500;
				ORGANIZATIONNAME = Colas;
				TargetAttributes = {
					CEA0097A18A3DFEA00FA535B = {
						TestTargetID = CEA0095618A3DFEA00FA535B;
					};
				};
			};
			buildConfigurationList = CEA0095218A3DFEA00FA535B /* Build configuration list for PBXProject "MyToyAppForCoreData" */;
			compatibilityVersion = "Xcode 3.2";
			developmentRegion = English;
			hasScannedForEncodings = 0;
			knownRegions = (
				en,
				Base,
			);
			mainGroup = CEA0094E18A3DFEA00FA535B;
			productRefGroup = CEA0095818A3DFEA00FA535B /* Products */;
			projectDirPath = "";
			projectRoot = "";
			targets = (
				CEA0095618A3DFEA00FA535B /* MyToyAppForCoreData */,
				CEA0097A18A3DFEA00FA535B /* MyToyAppForCoreDataTests */,
				CE5DCFA918A4CB7800DA0FDD /* Mogenerator */,
				CEC5CA8F18AF41AF00AF801A /* ProjectDocumentation */,
			);
		};
/* End PBXProject section */

/* Begin PBXResourcesBuildPhase section */
		CEA0095518A3DFEA00FA535B /* Resources */ = {
			isa = PBXResourcesBuildPhase;
			buildActionMask = 2147483647;
			files = (
				CEA0096518A3DFEA00FA535B /* InfoPlist.strings in Resources */,
				CEA0097618A3DFEA00FA535B /* Images.xcassets in Resources */,
				CEA0096B18A3DFEA00FA535B /* Credits.rtf in Resources */,
				CEA0097118A3DFEA00FA535B /* MainMenu.xib in Resources */,
				CEBBB1B218A4FFE0001DE37E /* TheCompaniesViewerController.xib in Resources */,
				CEBBB1A518A4E91F001DE37E /* ThePeopleViewerController.xib in Resources */,
				CE8547BE18A526EB00E8B64E /* TheCityViewerController.xib in Resources */,
				CEBBBAE618AE6BC100B3BB92 /* Modèle.png in Resources */,
				CEBBBADB18AE219D00B3BB92 /* HELP bugs.pdf in Resources */,
			);
			runOnlyForDeploymentPostprocessing = 0;
		};
		CEA0097918A3DFEA00FA535B /* Resources */ = {
			isa = PBXResourcesBuildPhase;
			buildActionMask = 2147483647;
			files = (
				CEA0098618A3DFEA00FA535B /* InfoPlist.strings in Resources */,
			);
			runOnlyForDeploymentPostprocessing = 0;
		};
/* End PBXResourcesBuildPhase section */

/* Begin PBXShellScriptBuildPhase section */
		693B5795926542E0AC57438A /* Copy Pods Resources */ = {
			isa = PBXShellScriptBuildPhase;
			buildActionMask = 2147483647;
			files = (
			);
			inputPaths = (
			);
			name = "Copy Pods Resources";
			outputPaths = (
			);
			runOnlyForDeploymentPostprocessing = 0;
			shellPath = /bin/sh;
			shellScript = "\"${SRCROOT}/Pods/Pods-resources.sh\"\n";
			showEnvVarsInLog = 0;
		};
		CD5D9C10BBD44B53B7097C96 /* Check Pods Manifest.lock */ = {
			isa = PBXShellScriptBuildPhase;
			buildActionMask = 2147483647;
			files = (
			);
			inputPaths = (
			);
			name = "Check Pods Manifest.lock";
			outputPaths = (
			);
			runOnlyForDeploymentPostprocessing = 0;
			shellPath = /bin/sh;
			shellScript = "diff \"${PODS_ROOT}/../Podfile.lock\" \"${PODS_ROOT}/Manifest.lock\" > /dev/null\nif [[ $? != 0 ]] ; then\n    cat << EOM\nerror: The sandbox is not in sync with the Podfile.lock. Run 'pod install' or update your CocoaPods installation.\nEOM\n    exit 1\nfi\n";
			showEnvVarsInLog = 0;
		};
		CE5DCFB118A4CCD900DA0FDD /* ShellScript */ = {
			isa = PBXShellScriptBuildPhase;
			buildActionMask = 2147483647;
			files = (
			);
			inputPaths = (
			);
			outputPaths = (
			);
			runOnlyForDeploymentPostprocessing = 0;
			shellPath = /bin/sh;
			shellScript = "cd MyToyAppForCoreData/Model\nmogenerator -template-var arc=true -m MyToyAppForCoreData.xcdatamodeld";
		};
		CEC5CA9318AF41D500AF801A /* ShellScript */ = {
			isa = PBXShellScriptBuildPhase;
			buildActionMask = 2147483647;
			files = (
			);
			inputPaths = (
			);
			outputPaths = (
			);
			runOnlyForDeploymentPostprocessing = 0;
			shellPath = /bin/sh;
			shellScript = "/usr/local/bin/appledoc \\\n--project-name MyToyAppForCoreData \\\n--project-company \"MyToyAppForCoreData\" \\\n--company-id com.companyName \\\n--keep-undocumented-objects \\\n--keep-undocumented-members \\\n--search-undocumented-doc \\\n--exit-threshold 2 \\\n--ignore .m \\\n--output \"AppleDoc\" .";
		};
/* End PBXShellScriptBuildPhase section */

/* Begin PBXSourcesBuildPhase section */
		CEA0095318A3DFEA00FA535B /* Sources */ = {
			isa = PBXSourcesBuildPhase;
			buildActionMask = 2147483647;
			files = (
				CEBBBAD318AE214900B3BB92 /* Entity3.m in Sources */,
				CE5DCFE618A4D2B300DA0FDD /* _Pet.m in Sources */,
				CE5DCFE518A4D2B300DA0FDD /* _Person.m in Sources */,
				CE5DCFC818A4D22A00DA0FDD /* main.m in Sources */,
				CEBBBAF018AE6C1100B3BB92 /* _EntityGamma.m in Sources */,
				CEBBBACD18AE214900B3BB92 /* _Entity1.m in Sources */,
				CE3F85A618AE07500003B4C6 /* EntityB.m in Sources */,
				CEBBB1B118A4FFE0001DE37E /* TheCompaniesViewerController.m in Sources */,
				CE8547BD18A526EB00E8B64E /* TheCityViewerController.m in Sources */,
				CE5DCFEF18A4D4E900DA0FDD /* DataCreater.m in Sources */,
				CE5DCFB518A4CD5200DA0FDD /* MyToyAppForCoreData.xcdatamodeld in Sources */,
				CEBBBAD218AE214900B3BB92 /* Entity2.m in Sources */,
				CE5DCFE418A4D2B300DA0FDD /* _Family.m in Sources */,
				CEA0096E18A3DFEA00FA535B /* AppDelegate.m in Sources */,
				CEBBBAF218AE6C1100B3BB92 /* EntityGamma.m in Sources */,
				CEBBB1A418A4E91F001DE37E /* ThePeopleViewerController.m in Sources */,
				CEBBBAD418AE214900B3BB92 /* EntitySelf.m in Sources */,
				CE5DCFE218A4D2B300DA0FDD /* _Company.m in Sources */,
				CEBBBAE018AE676100B3BB92 /* _EntityAlpha.m in Sources */,
				CEBBBACE18AE214900B3BB92 /* _Entity2.m in Sources */,
				CE3F85A418AE07500003B4C6 /* _EntityB.m in Sources */,
				CE5DCFCA18A4D29900DA0FDD /* EntityWithName.m in Sources */,
				CE5DCFE318A4D2B300DA0FDD /* _EntityWithName.m in Sources */,
				CEBBBACF18AE214900B3BB92 /* _Entity3.m in Sources */,
				CE3F85A518AE07500003B4C6 /* EntityA.m in Sources */,
				CEBBBAE118AE676100B3BB92 /* EntityAlpha.m in Sources */,
				CE5DCFCC18A4D29900DA0FDD /* City.m in Sources */,
				CEBBBAEF18AE6C1100B3BB92 /* _EntityBeta.m in Sources */,
				CEBBBAD118AE214900B3BB92 /* Entity1.m in Sources */,
				CEBBB1A818A4E9E0001DE37E /* MyApplicationHelper.m in Sources */,
				CE3F85A318AE07500003B4C6 /* _EntityA.m in Sources */,
				CE5DCFCE18A4D29900DA0FDD /* Company.m in Sources */,
				CEBBBAF118AE6C1100B3BB92 /* EntityBeta.m in Sources */,
				CE5DCFD018A4D29900DA0FDD /* Family.m in Sources */,
				CE5DCFD218A4D29900DA0FDD /* Person.m in Sources */,
				CE5DCFE118A4D2B300DA0FDD /* _City.m in Sources */,
				CEBBBAD018AE214900B3BB92 /* _EntitySelf.m in Sources */,
				CE5DCFD418A4D29900DA0FDD /* Pet.m in Sources */,
			);
			runOnlyForDeploymentPostprocessing = 0;
		};
		CEA0097718A3DFEA00FA535B /* Sources */ = {
			isa = PBXSourcesBuildPhase;
			buildActionMask = 2147483647;
			files = (
				CEA0098818A3DFEA00FA535B /* MyToyAppForCoreDataTests.m in Sources */,
			);
			runOnlyForDeploymentPostprocessing = 0;
		};
/* End PBXSourcesBuildPhase section */

/* Begin PBXTargetDependency section */
		CEA0098018A3DFEA00FA535B /* PBXTargetDependency */ = {
			isa = PBXTargetDependency;
			target = CEA0095618A3DFEA00FA535B /* MyToyAppForCoreData */;
			targetProxy = CEA0097F18A3DFEA00FA535B /* PBXContainerItemProxy */;
		};
/* End PBXTargetDependency section */

/* Begin PBXVariantGroup section */
		CEA0096318A3DFEA00FA535B /* InfoPlist.strings */ = {
			isa = PBXVariantGroup;
			children = (
				CEA0096418A3DFEA00FA535B /* en */,
			);
			name = InfoPlist.strings;
			sourceTree = "<group>";
		};
		CEA0096918A3DFEA00FA535B /* Credits.rtf */ = {
			isa = PBXVariantGroup;
			children = (
				CEA0096A18A3DFEA00FA535B /* en */,
			);
			name = Credits.rtf;
			sourceTree = "<group>";
		};
		CEA0096F18A3DFEA00FA535B /* MainMenu.xib */ = {
			isa = PBXVariantGroup;
			children = (
				CEA0097018A3DFEA00FA535B /* Base */,
			);
			name = MainMenu.xib;
			sourceTree = "<group>";
		};
		CEA0098418A3DFEA00FA535B /* InfoPlist.strings */ = {
			isa = PBXVariantGroup;
			children = (
				CEA0098518A3DFEA00FA535B /* en */,
			);
			name = InfoPlist.strings;
			sourceTree = "<group>";
		};
/* End PBXVariantGroup section */

/* Begin XCBuildConfiguration section */
		CE5DCFAA18A4CB7800DA0FDD /* Debug */ = {
			isa = XCBuildConfiguration;
			buildSettings = {
				PRODUCT_NAME = "$(TARGET_NAME)";
			};
			name = Debug;
		};
		CE5DCFAB18A4CB7800DA0FDD /* Release */ = {
			isa = XCBuildConfiguration;
			buildSettings = {
				PRODUCT_NAME = "$(TARGET_NAME)";
			};
			name = Release;
		};
		CEA0098918A3DFEA00FA535B /* Debug */ = {
			isa = XCBuildConfiguration;
			buildSettings = {
				ALWAYS_SEARCH_USER_PATHS = NO;
				CLANG_CXX_LANGUAGE_STANDARD = "gnu++0x";
				CLANG_CXX_LIBRARY = "libc++";
				CLANG_ENABLE_OBJC_ARC = YES;
				CLANG_WARN_BOOL_CONVERSION = YES;
				CLANG_WARN_CONSTANT_CONVERSION = YES;
				CLANG_WARN_DIRECT_OBJC_ISA_USAGE = YES_ERROR;
				CLANG_WARN_EMPTY_BODY = YES;
				CLANG_WARN_ENUM_CONVERSION = YES;
				CLANG_WARN_INT_CONVERSION = YES;
				CLANG_WARN_OBJC_ROOT_CLASS = YES_ERROR;
				CLANG_WARN__DUPLICATE_METHOD_MATCH = YES;
				COPY_PHASE_STRIP = NO;
				GCC_C_LANGUAGE_STANDARD = gnu99;
				GCC_DYNAMIC_NO_PIC = NO;
				GCC_ENABLE_OBJC_EXCEPTIONS = YES;
				GCC_OPTIMIZATION_LEVEL = 0;
				GCC_PREPROCESSOR_DEFINITIONS = (
					"DEBUG=1",
					"$(inherited)",
				);
				GCC_SYMBOLS_PRIVATE_EXTERN = NO;
				GCC_WARN_64_TO_32_BIT_CONVERSION = YES;
				GCC_WARN_ABOUT_RETURN_TYPE = YES_ERROR;
				GCC_WARN_UNDECLARED_SELECTOR = YES;
				GCC_WARN_UNINITIALIZED_AUTOS = YES;
				GCC_WARN_UNUSED_FUNCTION = YES;
				GCC_WARN_UNUSED_VARIABLE = YES;
				MACOSX_DEPLOYMENT_TARGET = 10.9;
				ONLY_ACTIVE_ARCH = YES;
				SDKROOT = macosx;
			};
			name = Debug;
		};
		CEA0098A18A3DFEA00FA535B /* Release */ = {
			isa = XCBuildConfiguration;
			buildSettings = {
				ALWAYS_SEARCH_USER_PATHS = NO;
				CLANG_CXX_LANGUAGE_STANDARD = "gnu++0x";
				CLANG_CXX_LIBRARY = "libc++";
				CLANG_ENABLE_OBJC_ARC = YES;
				CLANG_WARN_BOOL_CONVERSION = YES;
				CLANG_WARN_CONSTANT_CONVERSION = YES;
				CLANG_WARN_DIRECT_OBJC_ISA_USAGE = YES_ERROR;
				CLANG_WARN_EMPTY_BODY = YES;
				CLANG_WARN_ENUM_CONVERSION = YES;
				CLANG_WARN_INT_CONVERSION = YES;
				CLANG_WARN_OBJC_ROOT_CLASS = YES_ERROR;
				CLANG_WARN__DUPLICATE_METHOD_MATCH = YES;
				COPY_PHASE_STRIP = YES;
				DEBUG_INFORMATION_FORMAT = "dwarf-with-dsym";
				ENABLE_NS_ASSERTIONS = NO;
				GCC_C_LANGUAGE_STANDARD = gnu99;
				GCC_ENABLE_OBJC_EXCEPTIONS = YES;
				GCC_WARN_64_TO_32_BIT_CONVERSION = YES;
				GCC_WARN_ABOUT_RETURN_TYPE = YES_ERROR;
				GCC_WARN_UNDECLARED_SELECTOR = YES;
				GCC_WARN_UNINITIALIZED_AUTOS = YES;
				GCC_WARN_UNUSED_FUNCTION = YES;
				GCC_WARN_UNUSED_VARIABLE = YES;
				MACOSX_DEPLOYMENT_TARGET = 10.9;
				SDKROOT = macosx;
			};
			name = Release;
		};
		CEA0098C18A3DFEA00FA535B /* Debug */ = {
			isa = XCBuildConfiguration;
			baseConfigurationReference = B4F87D9B92EF44DB8CCE4430 /* Pods.xcconfig */;
			buildSettings = {
				ASSETCATALOG_COMPILER_APPICON_NAME = AppIcon;
				COMBINE_HIDPI_IMAGES = YES;
				GCC_PRECOMPILE_PREFIX_HEADER = YES;
				GCC_PREFIX_HEADER = "MyToyAppForCoreData/MyToyAppForCoreData-Prefix.pch";
				INFOPLIST_FILE = "MyToyAppForCoreData/MyToyAppForCoreData-Info.plist";
				PRODUCT_NAME = "$(TARGET_NAME)";
				WRAPPER_EXTENSION = app;
			};
			name = Debug;
		};
		CEA0098D18A3DFEA00FA535B /* Release */ = {
			isa = XCBuildConfiguration;
			baseConfigurationReference = B4F87D9B92EF44DB8CCE4430 /* Pods.xcconfig */;
			buildSettings = {
				ASSETCATALOG_COMPILER_APPICON_NAME = AppIcon;
				COMBINE_HIDPI_IMAGES = YES;
				GCC_PRECOMPILE_PREFIX_HEADER = YES;
				GCC_PREFIX_HEADER = "MyToyAppForCoreData/MyToyAppForCoreData-Prefix.pch";
				INFOPLIST_FILE = "MyToyAppForCoreData/MyToyAppForCoreData-Info.plist";
				PRODUCT_NAME = "$(TARGET_NAME)";
				WRAPPER_EXTENSION = app;
			};
			name = Release;
		};
		CEA0098F18A3DFEA00FA535B /* Debug */ = {
			isa = XCBuildConfiguration;
			buildSettings = {
				BUNDLE_LOADER = "$(BUILT_PRODUCTS_DIR)/MyToyAppForCoreData.app/Contents/MacOS/MyToyAppForCoreData";
				COMBINE_HIDPI_IMAGES = YES;
				FRAMEWORK_SEARCH_PATHS = (
					"$(DEVELOPER_FRAMEWORKS_DIR)",
					"$(inherited)",
				);
				GCC_PRECOMPILE_PREFIX_HEADER = YES;
				GCC_PREFIX_HEADER = "MyToyAppForCoreData/MyToyAppForCoreData-Prefix.pch";
				GCC_PREPROCESSOR_DEFINITIONS = (
					"DEBUG=1",
					"$(inherited)",
				);
				INFOPLIST_FILE = "MyToyAppForCoreDataTests/MyToyAppForCoreDataTests-Info.plist";
				PRODUCT_NAME = "$(TARGET_NAME)";
				TEST_HOST = "$(BUNDLE_LOADER)";
				WRAPPER_EXTENSION = xctest;
			};
			name = Debug;
		};
		CEA0099018A3DFEA00FA535B /* Release */ = {
			isa = XCBuildConfiguration;
			buildSettings = {
				BUNDLE_LOADER = "$(BUILT_PRODUCTS_DIR)/MyToyAppForCoreData.app/Contents/MacOS/MyToyAppForCoreData";
				COMBINE_HIDPI_IMAGES = YES;
				FRAMEWORK_SEARCH_PATHS = (
					"$(DEVELOPER_FRAMEWORKS_DIR)",
					"$(inherited)",
				);
				GCC_PRECOMPILE_PREFIX_HEADER = YES;
				GCC_PREFIX_HEADER = "MyToyAppForCoreData/MyToyAppForCoreData-Prefix.pch";
				INFOPLIST_FILE = "MyToyAppForCoreDataTests/MyToyAppForCoreDataTests-Info.plist";
				PRODUCT_NAME = "$(TARGET_NAME)";
				TEST_HOST = "$(BUNDLE_LOADER)";
				WRAPPER_EXTENSION = xctest;
			};
			name = Release;
		};
		CEC5CA9018AF41AF00AF801A /* Debug */ = {
			isa = XCBuildConfiguration;
			buildSettings = {
				PRODUCT_NAME = "$(TARGET_NAME)";
			};
			name = Debug;
		};
		CEC5CA9118AF41AF00AF801A /* Release */ = {
			isa = XCBuildConfiguration;
			buildSettings = {
				PRODUCT_NAME = "$(TARGET_NAME)";
			};
			name = Release;
		};
/* End XCBuildConfiguration section */

/* Begin XCConfigurationList section */
		CE5DCFAC18A4CB7800DA0FDD /* Build configuration list for PBXAggregateTarget "Mogenerator" */ = {
			isa = XCConfigurationList;
			buildConfigurations = (
				CE5DCFAA18A4CB7800DA0FDD /* Debug */,
				CE5DCFAB18A4CB7800DA0FDD /* Release */,
			);
			defaultConfigurationIsVisible = 0;
			defaultConfigurationName = Release;
		};
		CEA0095218A3DFEA00FA535B /* Build configuration list for PBXProject "MyToyAppForCoreData" */ = {
			isa = XCConfigurationList;
			buildConfigurations = (
				CEA0098918A3DFEA00FA535B /* Debug */,
				CEA0098A18A3DFEA00FA535B /* Release */,
			);
			defaultConfigurationIsVisible = 0;
			defaultConfigurationName = Release;
		};
		CEA0098B18A3DFEA00FA535B /* Build configuration list for PBXNativeTarget "MyToyAppForCoreData" */ = {
			isa = XCConfigurationList;
			buildConfigurations = (
				CEA0098C18A3DFEA00FA535B /* Debug */,
				CEA0098D18A3DFEA00FA535B /* Release */,
			);
			defaultConfigurationIsVisible = 0;
			defaultConfigurationName = Release;
		};
		CEA0098E18A3DFEA00FA535B /* Build configuration list for PBXNativeTarget "MyToyAppForCoreDataTests" */ = {
			isa = XCConfigurationList;
			buildConfigurations = (
				CEA0098F18A3DFEA00FA535B /* Debug */,
				CEA0099018A3DFEA00FA535B /* Release */,
			);
			defaultConfigurationIsVisible = 0;
			defaultConfigurationName = Release;
		};
		CEC5CA9218AF41AF00AF801A /* Build configuration list for PBXAggregateTarget "ProjectDocumentation" */ = {
			isa = XCConfigurationList;
			buildConfigurations = (
				CEC5CA9018AF41AF00AF801A /* Debug */,
				CEC5CA9118AF41AF00AF801A /* Release */,
			);
			defaultConfigurationIsVisible = 0;
			defaultConfigurationName = Release;
		};
/* End XCConfigurationList section */

/* Begin XCVersionGroup section */
		CE5DCFB318A4CD5200DA0FDD /* MyToyAppForCoreData.xcdatamodeld */ = {
			isa = XCVersionGroup;
			children = (
				CE5DCFB418A4CD5200DA0FDD /* MyToyAppForCoreData.xcdatamodel */,
			);
			currentVersion = CE5DCFB418A4CD5200DA0FDD /* MyToyAppForCoreData.xcdatamodel */;
			path = MyToyAppForCoreData.xcdatamodeld;
			sourceTree = "<group>";
			versionGroupType = wrapper.xcdatamodel;
		};
/* End XCVersionGroup section */
	};
	rootObject = CEA0094F18A3DFEA00FA535B /* Project object */;
}
